
Microsoft Visual Studio Solution File, Format Version 12.00
# Visual Studio Version 16
VisualStudioVersion = 16.0.30517.126
MinimumVisualStudioVersion = 10.0.40219.1
Project("{FAE04EC0-301F-11D3-BF4B-00C04F79EFBC}") = "WebAPIFilters", "WebAPIFilters\WebAPIFilters.csproj", "{6CEDA587-1012-46F4-B920-034DF183A647}"
EndProject
Project("{FAE04EC0-301F-11D3-BF4B-00C04F79EFBC}") = "ConsoleAppAuthenticationTest", "ConsoleAppAuthenticationTest\ConsoleAppAuthenticationTest.csproj", "{1D9FD2DA-7F47-4F24-A0E8-6AA760CC34E1}"
EndProject
Project("{FAE04EC0-301F-11D3-BF4B-00C04F79EFBC}") = "WebAPIOAuthDemo", "WebAPIOAuthDemo\WebAPIOAuthDemo.csproj", "{280A4F0C-96A7-420B-9D91-69B0F80ED7B1}"
EndProject
Global
	GlobalSection(SolutionConfigurationPlatforms) = preSolution
		Debug|Any CPU = Debug|Any CPU
		Release|Any CPU = Release|Any CPU
	EndGlobalSection
	GlobalSection(ProjectConfigurationPlatforms) = postSolution
		{6CEDA587-1012-46F4-B920-034DF183A647}.Debug|Any CPU.ActiveCfg = Debug|Any CPU
		{6CEDA587-1012-46F4-B920-034DF183A647}.Debug|Any CPU.Build.0 = Debug|Any CPU
		{6CEDA587-1012-46F4-B920-034DF183A647}.Release|Any CPU.ActiveCfg = Release|Any CPU
		{6CEDA587-1012-46F4-B920-034DF183A647}.Release|Any CPU.Build.0 = Release|Any CPU
		{1D9FD2DA-7F47-4F24-A0E8-6AA760CC34E1}.Debug|Any CPU.ActiveCfg = Debug|Any CPU
		{1D9FD2DA-7F47-4F24-A0E8-6AA760CC34E1}.Debug|Any CPU.Build.0 = Debug|Any CPU
		{1D9FD2DA-7F47-4F24-A0E8-6AA760CC34E1}.Release|Any CPU.ActiveCfg = Release|Any CPU
		{1D9FD2DA-7F47-4F24-A0E8-6AA760CC34E1}.Release|Any CPU.Build.0 = Release|Any CPU
		{280A4F0C-96A7-420B-9D91-69B0F80ED7B1}.Debug|Any CPU.ActiveCfg = Debug|Any CPU
		{280A4F0C-96A7-420B-9D91-69B0F80ED7B1}.Debug|Any CPU.Build.0 = Debug|Any CPU
		{280A4F0C-96A7-420B-9D91-69B0F80ED7B1}.Release|Any CPU.ActiveCfg = Release|Any CPU
		{280A4F0C-96A7-420B-9D91-69B0F80ED7B1}.Release|Any CPU.Build.0 = Release|Any CPU
	EndGlobalSection
	GlobalSection(SolutionProperties) = preSolution
		HideSolutionNode = FALSE
	EndGlobalSection
	GlobalSection(ExtensibilityGlobals) = postSolution
		SolutionGuid = {9580EBB6-1FF2-4AEF-9D43-14023CCB3849}
	EndGlobalSection
EndGlobal
